{
    "_readme": [
        "This file locks the dependencies of your project to a known state",
        "Read more about it at https://getcomposer.org/doc/01-basic-usage.md#installing-dependencies",
        "This file is @generated automatically"
    ],
    "content-hash": "be5beeca63df598f91e97dc372c84abf",
    "packages": [
        {
            "name": "duitkupg/duitku-php",
            "version": "dev-master",
            "source": {
                "type": "git",
                "url": "https://github.com/duitkupg/duitku-php.git",
                "reference": "994f9eb9ebdd21fe342f4ef6b5b6c73aea41db9d"
            },
            "dist": {
                "type": "zip",
                "url": "https://api.github.com/repos/duitkupg/duitku-php/zipball/994f9eb9ebdd21fe342f4ef6b5b6c73aea41db9d",
                "reference": "994f9eb9ebdd21fe342f4ef6b5b6c73aea41db9d",
                "shasum": ""
            },
            "require": {
                "ext-curl": "*",
                "ext-json": "*",
                "php": ">=5.6"
            },
            "require-dev": {
                "phpunit/phpunit": "7"
            },
            "default-branch": true,
            "type": "library",
            "autoload": {
                "psr-4": {
                    "Duitku\\": "Duitku/"
                }
            },
            "notification-url": "https://packagist.org/downloads/",
            "license": [
                "MIT"
            ],
            "description": "Duitku PHP",
            "homepage": "https://duitku.com",
            "support": {
                "issues": "https://github.com/duitkupg/duitku-php/issues",
                "source": "https://github.com/duitkupg/duitku-php/tree/master"
            },
            "time": "2022-02-10T03:23:47+00:00"
        }
    ],
    "packages-dev": [],
    "aliases": [],
    "minimum-stability": "stable",
    "stability-flags": {
        "duitkupg/duitku-php": 20
    },
    "prefer-stable": false,
    "prefer-lowest": false,
    "platform": [],
    "platform-dev": [],
    "plugin-api-version": "2.1.0"
}
